
Microsoft Visual Studio Solution File, Format Version 12.00
# Visual Studio Version 17
VisualStudioVersion = 17.7.34031.279
MinimumVisualStudioVersion = 10.0.40219.1
Project("{9A19103F-16F7-4668-BE54-9A1E7A4F7556}") = "MVVM.Generator", "MVVMGenerator\MVVM.Generator.csproj", "{38C10BA8-CB32-4F60-8EC9-59EF396E0F38}"
EndProject
Project("{9A19103F-16F7-4668-BE54-9A1E7A4F7556}") = "TestProject", "TestProject\TestProject.csproj", "{13AA4161-7241-4786-89EF-B3C04BF896FE}"
EndProject
Project("{FAE04EC0-301F-11D3-BF4B-00C04F79EFBC}") = "TestViewModels", "TestViewModels\TestViewModels.csproj", "{CD01BA87-FBF4-40D7-A4E6-D51447604C58}"
EndProject
Project("{2150E333-8FDC-42A3-9474-1A3956D46DE8}") = "Extras", "Extras", "{36A797A0-1D1F-47E8-B577-7534A84A4381}"
	ProjectSection(SolutionItems) = preProject
		.github\copilot-instructions.md = .github\copilot-instructions.md
	EndProjectSection
EndProject
Global
	GlobalSection(SolutionConfigurationPlatforms) = preSolution
		Debug|Any CPU = Debug|Any CPU
		Release|Any CPU = Release|Any CPU
	EndGlobalSection
	GlobalSection(ProjectConfigurationPlatforms) = postSolution
		{38C10BA8-CB32-4F60-8EC9-59EF396E0F38}.Debug|Any CPU.ActiveCfg = Debug|Any CPU
		{38C10BA8-CB32-4F60-8EC9-59EF396E0F38}.Debug|Any CPU.Build.0 = Debug|Any CPU
		{38C10BA8-CB32-4F60-8EC9-59EF396E0F38}.Release|Any CPU.ActiveCfg = Release|Any CPU
		{38C10BA8-CB32-4F60-8EC9-59EF396E0F38}.Release|Any CPU.Build.0 = Release|Any CPU
		{13AA4161-7241-4786-89EF-B3C04BF896FE}.Debug|Any CPU.ActiveCfg = Debug|Any CPU
		{13AA4161-7241-4786-89EF-B3C04BF896FE}.Debug|Any CPU.Build.0 = Debug|Any CPU
		{13AA4161-7241-4786-89EF-B3C04BF896FE}.Release|Any CPU.ActiveCfg = Release|Any CPU
		{13AA4161-7241-4786-89EF-B3C04BF896FE}.Release|Any CPU.Build.0 = Release|Any CPU
		{CD01BA87-FBF4-40D7-A4E6-D51447604C58}.Debug|Any CPU.ActiveCfg = Debug|Any CPU
		{CD01BA87-FBF4-40D7-A4E6-D51447604C58}.Debug|Any CPU.Build.0 = Debug|Any CPU
		{CD01BA87-FBF4-40D7-A4E6-D51447604C58}.Release|Any CPU.ActiveCfg = Release|Any CPU
		{CD01BA87-FBF4-40D7-A4E6-D51447604C58}.Release|Any CPU.Build.0 = Release|Any CPU
	EndGlobalSection
	GlobalSection(SolutionProperties) = preSolution
		HideSolutionNode = FALSE
	EndGlobalSection
	GlobalSection(ExtensibilityGlobals) = postSolution
		SolutionGuid = {171719A8-0BEF-4A89-B804-46B710FCCF89}
	EndGlobalSection
EndGlobal
